
Microsoft Visual Studio Solution File, Format Version 12.00
# Visual Studio 15
VisualStudioVersion = 15.0.28307.705
MinimumVisualStudioVersion = 10.0.40219.1
Project("{9A19103F-16F7-4668-BE54-9A1E7A4F7556}") = "RR.Core", "RR.Core\RR.Core.csproj", "{854771E2-21F2-47CB-AC23-E473AD066330}"
EndProject
Project("{9A19103F-16F7-4668-BE54-9A1E7A4F7556}") = "RR.Data", "RR.Data\RR.Data.csproj", "{3E1EFB7F-7684-43B6-A6F8-E08C32CA6D45}"
EndProject
Project("{9A19103F-16F7-4668-BE54-9A1E7A4F7556}") = "RR.Dto", "RR.Dto\RR.Dto.csproj", "{B0EC6BCA-CD58-477D-9617-B610A518B1D8}"
EndProject
Project("{9A19103F-16F7-4668-BE54-9A1E7A4F7556}") = "RR.Mapper", "RR.Mapper\RR.Mapper.csproj", "{77B362F2-5403-4E43-8C0A-C63CD8AE2602}"
EndProject
Project("{9A19103F-16F7-4668-BE54-9A1E7A4F7556}") = "RR.Repo", "RR.Repo\RR.Repo.csproj", "{9F14356C-97F2-444F-AB0E-DF69886181C4}"
EndProject
Project("{9A19103F-16F7-4668-BE54-9A1E7A4F7556}") = "RR.Service", "RR.Service\RR.Service.csproj", "{3CDC7D8D-FEBB-4C2E-88C8-D707B659C87E}"
EndProject
Project("{9A19103F-16F7-4668-BE54-9A1E7A4F7556}") = "RR.Web", "RR.Web\RR.Web.csproj", "{40F915A5-94D4-4CFC-ACA9-D9DAC13B112B}"
EndProject
Project("{9A19103F-16F7-4668-BE54-9A1E7A4F7556}") = "RR.ThirdPartyData", "RR.ThirdPartyData\RR.ThirdPartyData.csproj", "{89F972CF-F6A3-47DB-9336-254A8A5C9BB5}"
EndProject
Project("{2150E333-8FDC-42A3-9474-1A3956D46DE8}") = "Admin", "Admin", "{F837A72A-E1E9-4E05-B813-61938A6A7AA6}"
EndProject
Project("{9A19103F-16F7-4668-BE54-9A1E7A4F7556}") = "RR.Admin", "RR.Admin\RR.Admin.csproj", "{065458D3-BC06-492E-8096-EF8FE6EADFC3}"
EndProject
Project("{9A19103F-16F7-4668-BE54-9A1E7A4F7556}") = "RR.AdminData", "RR.AdminData\RR.AdminData.csproj", "{75ED90F1-2035-4FA5-B098-8FCB7A1399EA}"
EndProject
Project("{9A19103F-16F7-4668-BE54-9A1E7A4F7556}") = "RR.AdminMapper", "RR.AdminMapper\RR.AdminMapper.csproj", "{95015F5A-DAF6-4031-901E-F6C5A7EBFEFC}"
EndProject
Project("{9A19103F-16F7-4668-BE54-9A1E7A4F7556}") = "RR.AdminService", "RR.AdminService\RR.AdminService.csproj", "{34AA0BDF-6832-48FF-8C21-DB13FBB25344}"
EndProject
Project("{2150E333-8FDC-42A3-9474-1A3956D46DE8}") = "Static", "Static", "{D4513827-0990-4342-8470-A3A5348DC1BF}"
EndProject
Project("{9A19103F-16F7-4668-BE54-9A1E7A4F7556}") = "RR.StaticData", "RR.StaticData\RR.StaticData.csproj", "{639A8C5C-68FB-454D-8FF7-93E242934E5F}"
EndProject
Project("{9A19103F-16F7-4668-BE54-9A1E7A4F7556}") = "RR.StaticService", "RR.StaticService\RR.StaticService.csproj", "{7595ADB6-3AED-41C9-BA1B-7DC64C87CAE2}"
EndProject
Project("{9A19103F-16F7-4668-BE54-9A1E7A4F7556}") = "RR.StaticMapper", "RR.StaticMapper\RR.StaticMapper.csproj", "{B3854B72-B3FA-4FA1-82FD-B099B98C62CE}"
EndProject
Project("{9A19103F-16F7-4668-BE54-9A1E7A4F7556}") = "RR.ThirdParty", "RR.ThirdParty\RR.ThirdParty.csproj", "{FD440A78-4732-4D0C-A223-4385AD1791C4}"
EndProject
Project("{9A19103F-16F7-4668-BE54-9A1E7A4F7556}") = "RR.WinnerCalculation", "RR.WinnerCalculation\RR.WinnerCalculation.csproj", "{01AC6012-B1A4-453F-A9F4-67E013FA0F08}"
EndProject
Project("{9A19103F-16F7-4668-BE54-9A1E7A4F7556}") = "RR.WebApi", "RR.WebApi\RR.WebApi.csproj", "{73AED232-4AE0-4971-BC59-17D85114F684}"
EndProject
Project("{FAE04EC0-301F-11D3-BF4B-00C04F79EFBC}") = "RR.DBManager", "RR.DBManager\RR.DBManager.csproj", "{9253A5AA-6C95-40F0-AE4D-0D61574B44C3}"
EndProject
Global
	GlobalSection(SolutionConfigurationPlatforms) = preSolution
		Debug|Any CPU = Debug|Any CPU
		Release|Any CPU = Release|Any CPU
	EndGlobalSection
	GlobalSection(ProjectConfigurationPlatforms) = postSolution
		{854771E2-21F2-47CB-AC23-E473AD066330}.Debug|Any CPU.ActiveCfg = Debug|Any CPU
		{854771E2-21F2-47CB-AC23-E473AD066330}.Debug|Any CPU.Build.0 = Debug|Any CPU
		{854771E2-21F2-47CB-AC23-E473AD066330}.Release|Any CPU.ActiveCfg = Release|Any CPU
		{854771E2-21F2-47CB-AC23-E473AD066330}.Release|Any CPU.Build.0 = Release|Any CPU
		{3E1EFB7F-7684-43B6-A6F8-E08C32CA6D45}.Debug|Any CPU.ActiveCfg = Debug|Any CPU
		{3E1EFB7F-7684-43B6-A6F8-E08C32CA6D45}.Debug|Any CPU.Build.0 = Debug|Any CPU
		{3E1EFB7F-7684-43B6-A6F8-E08C32CA6D45}.Release|Any CPU.ActiveCfg = Release|Any CPU
		{3E1EFB7F-7684-43B6-A6F8-E08C32CA6D45}.Release|Any CPU.Build.0 = Release|Any CPU
		{B0EC6BCA-CD58-477D-9617-B610A518B1D8}.Debug|Any CPU.ActiveCfg = Debug|Any CPU
		{B0EC6BCA-CD58-477D-9617-B610A518B1D8}.Debug|Any CPU.Build.0 = Debug|Any CPU
		{B0EC6BCA-CD58-477D-9617-B610A518B1D8}.Release|Any CPU.ActiveCfg = Release|Any CPU
		{B0EC6BCA-CD58-477D-9617-B610A518B1D8}.Release|Any CPU.Build.0 = Release|Any CPU
		{77B362F2-5403-4E43-8C0A-C63CD8AE2602}.Debug|Any CPU.ActiveCfg = Debug|Any CPU
		{77B362F2-5403-4E43-8C0A-C63CD8AE2602}.Debug|Any CPU.Build.0 = Debug|Any CPU
		{77B362F2-5403-4E43-8C0A-C63CD8AE2602}.Release|Any CPU.ActiveCfg = Release|Any CPU
		{77B362F2-5403-4E43-8C0A-C63CD8AE2602}.Release|Any CPU.Build.0 = Release|Any CPU
		{9F14356C-97F2-444F-AB0E-DF69886181C4}.Debug|Any CPU.ActiveCfg = Debug|Any CPU
		{9F14356C-97F2-444F-AB0E-DF69886181C4}.Debug|Any CPU.Build.0 = Debug|Any CPU
		{9F14356C-97F2-444F-AB0E-DF69886181C4}.Release|Any CPU.ActiveCfg = Release|Any CPU
		{9F14356C-97F2-444F-AB0E-DF69886181C4}.Release|Any CPU.Build.0 = Release|Any CPU
		{3CDC7D8D-FEBB-4C2E-88C8-D707B659C87E}.Debug|Any CPU.ActiveCfg = Debug|Any CPU
		{3CDC7D8D-FEBB-4C2E-88C8-D707B659C87E}.Debug|Any CPU.Build.0 = Debug|Any CPU
		{3CDC7D8D-FEBB-4C2E-88C8-D707B659C87E}.Release|Any CPU.ActiveCfg = Release|Any CPU
		{3CDC7D8D-FEBB-4C2E-88C8-D707B659C87E}.Release|Any CPU.Build.0 = Release|Any CPU
		{40F915A5-94D4-4CFC-ACA9-D9DAC13B112B}.Debug|Any CPU.ActiveCfg = Debug|Any CPU
		{40F915A5-94D4-4CFC-ACA9-D9DAC13B112B}.Debug|Any CPU.Build.0 = Debug|Any CPU
		{40F915A5-94D4-4CFC-ACA9-D9DAC13B112B}.Release|Any CPU.ActiveCfg = Release|Any CPU
		{40F915A5-94D4-4CFC-ACA9-D9DAC13B112B}.Release|Any CPU.Build.0 = Release|Any CPU
		{89F972CF-F6A3-47DB-9336-254A8A5C9BB5}.Debug|Any CPU.ActiveCfg = Debug|Any CPU
		{89F972CF-F6A3-47DB-9336-254A8A5C9BB5}.Debug|Any CPU.Build.0 = Debug|Any CPU
		{89F972CF-F6A3-47DB-9336-254A8A5C9BB5}.Release|Any CPU.ActiveCfg = Release|Any CPU
		{89F972CF-F6A3-47DB-9336-254A8A5C9BB5}.Release|Any CPU.Build.0 = Release|Any CPU
		{065458D3-BC06-492E-8096-EF8FE6EADFC3}.Debug|Any CPU.ActiveCfg = Debug|Any CPU
		{065458D3-BC06-492E-8096-EF8FE6EADFC3}.Debug|Any CPU.Build.0 = Debug|Any CPU
		{065458D3-BC06-492E-8096-EF8FE6EADFC3}.Release|Any CPU.ActiveCfg = Release|Any CPU
		{065458D3-BC06-492E-8096-EF8FE6EADFC3}.Release|Any CPU.Build.0 = Release|Any CPU
		{75ED90F1-2035-4FA5-B098-8FCB7A1399EA}.Debug|Any CPU.ActiveCfg = Debug|Any CPU
		{75ED90F1-2035-4FA5-B098-8FCB7A1399EA}.Debug|Any CPU.Build.0 = Debug|Any CPU
		{75ED90F1-2035-4FA5-B098-8FCB7A1399EA}.Release|Any CPU.ActiveCfg = Release|Any CPU
		{75ED90F1-2035-4FA5-B098-8FCB7A1399EA}.Release|Any CPU.Build.0 = Release|Any CPU
		{95015F5A-DAF6-4031-901E-F6C5A7EBFEFC}.Debug|Any CPU.ActiveCfg = Debug|Any CPU
		{95015F5A-DAF6-4031-901E-F6C5A7EBFEFC}.Debug|Any CPU.Build.0 = Debug|Any CPU
		{95015F5A-DAF6-4031-901E-F6C5A7EBFEFC}.Release|Any CPU.ActiveCfg = Release|Any CPU
		{95015F5A-DAF6-4031-901E-F6C5A7EBFEFC}.Release|Any CPU.Build.0 = Release|Any CPU
		{34AA0BDF-6832-48FF-8C21-DB13FBB25344}.Debug|Any CPU.ActiveCfg = Debug|Any CPU
		{34AA0BDF-6832-48FF-8C21-DB13FBB25344}.Debug|Any CPU.Build.0 = Debug|Any CPU
		{34AA0BDF-6832-48FF-8C21-DB13FBB25344}.Release|Any CPU.ActiveCfg = Release|Any CPU
		{34AA0BDF-6832-48FF-8C21-DB13FBB25344}.Release|Any CPU.Build.0 = Release|Any CPU
		{639A8C5C-68FB-454D-8FF7-93E242934E5F}.Debug|Any CPU.ActiveCfg = Debug|Any CPU
		{639A8C5C-68FB-454D-8FF7-93E242934E5F}.Debug|Any CPU.Build.0 = Debug|Any CPU
		{639A8C5C-68FB-454D-8FF7-93E242934E5F}.Release|Any CPU.ActiveCfg = Release|Any CPU
		{639A8C5C-68FB-454D-8FF7-93E242934E5F}.Release|Any CPU.Build.0 = Release|Any CPU
		{7595ADB6-3AED-41C9-BA1B-7DC64C87CAE2}.Debug|Any CPU.ActiveCfg = Debug|Any CPU
		{7595ADB6-3AED-41C9-BA1B-7DC64C87CAE2}.Debug|Any CPU.Build.0 = Debug|Any CPU
		{7595ADB6-3AED-41C9-BA1B-7DC64C87CAE2}.Release|Any CPU.ActiveCfg = Release|Any CPU
		{7595ADB6-3AED-41C9-BA1B-7DC64C87CAE2}.Release|Any CPU.Build.0 = Release|Any CPU
		{B3854B72-B3FA-4FA1-82FD-B099B98C62CE}.Debug|Any CPU.ActiveCfg = Debug|Any CPU
		{B3854B72-B3FA-4FA1-82FD-B099B98C62CE}.Debug|Any CPU.Build.0 = Debug|Any CPU
		{B3854B72-B3FA-4FA1-82FD-B099B98C62CE}.Release|Any CPU.ActiveCfg = Release|Any CPU
		{B3854B72-B3FA-4FA1-82FD-B099B98C62CE}.Release|Any CPU.Build.0 = Release|Any CPU
		{FD440A78-4732-4D0C-A223-4385AD1791C4}.Debug|Any CPU.ActiveCfg = Debug|Any CPU
		{FD440A78-4732-4D0C-A223-4385AD1791C4}.Debug|Any CPU.Build.0 = Debug|Any CPU
		{FD440A78-4732-4D0C-A223-4385AD1791C4}.Release|Any CPU.ActiveCfg = Release|Any CPU
		{FD440A78-4732-4D0C-A223-4385AD1791C4}.Release|Any CPU.Build.0 = Release|Any CPU
		{01AC6012-B1A4-453F-A9F4-67E013FA0F08}.Debug|Any CPU.ActiveCfg = Debug|Any CPU
		{01AC6012-B1A4-453F-A9F4-67E013FA0F08}.Debug|Any CPU.Build.0 = Debug|Any CPU
		{01AC6012-B1A4-453F-A9F4-67E013FA0F08}.Release|Any CPU.ActiveCfg = Release|Any CPU
		{01AC6012-B1A4-453F-A9F4-67E013FA0F08}.Release|Any CPU.Build.0 = Release|Any CPU
		{73AED232-4AE0-4971-BC59-17D85114F684}.Debug|Any CPU.ActiveCfg = Debug|Any CPU
		{73AED232-4AE0-4971-BC59-17D85114F684}.Debug|Any CPU.Build.0 = Debug|Any CPU
		{73AED232-4AE0-4971-BC59-17D85114F684}.Release|Any CPU.ActiveCfg = Release|Any CPU
		{73AED232-4AE0-4971-BC59-17D85114F684}.Release|Any CPU.Build.0 = Release|Any CPU
		{9253A5AA-6C95-40F0-AE4D-0D61574B44C3}.Debug|Any CPU.ActiveCfg = Debug|Any CPU
		{9253A5AA-6C95-40F0-AE4D-0D61574B44C3}.Debug|Any CPU.Build.0 = Debug|Any CPU
		{9253A5AA-6C95-40F0-AE4D-0D61574B44C3}.Release|Any CPU.ActiveCfg = Release|Any CPU
		{9253A5AA-6C95-40F0-AE4D-0D61574B44C3}.Release|Any CPU.Build.0 = Release|Any CPU
	EndGlobalSection
	GlobalSection(SolutionProperties) = preSolution
		HideSolutionNode = FALSE
	EndGlobalSection
	GlobalSection(NestedProjects) = preSolution
		{89F972CF-F6A3-47DB-9336-254A8A5C9BB5} = {D4513827-0990-4342-8470-A3A5348DC1BF}
		{065458D3-BC06-492E-8096-EF8FE6EADFC3} = {F837A72A-E1E9-4E05-B813-61938A6A7AA6}
		{75ED90F1-2035-4FA5-B098-8FCB7A1399EA} = {F837A72A-E1E9-4E05-B813-61938A6A7AA6}
		{95015F5A-DAF6-4031-901E-F6C5A7EBFEFC} = {F837A72A-E1E9-4E05-B813-61938A6A7AA6}
		{34AA0BDF-6832-48FF-8C21-DB13FBB25344} = {F837A72A-E1E9-4E05-B813-61938A6A7AA6}
		{639A8C5C-68FB-454D-8FF7-93E242934E5F} = {D4513827-0990-4342-8470-A3A5348DC1BF}
		{7595ADB6-3AED-41C9-BA1B-7DC64C87CAE2} = {D4513827-0990-4342-8470-A3A5348DC1BF}
		{B3854B72-B3FA-4FA1-82FD-B099B98C62CE} = {D4513827-0990-4342-8470-A3A5348DC1BF}
	EndGlobalSection
	GlobalSection(ExtensibilityGlobals) = postSolution
		SolutionGuid = {90B53DBC-2CF5-49F0-9EFE-56DF0350FC27}
	EndGlobalSection
EndGlobal
